<?xml version="1.0" encoding="utf-8"?>
<Project ToolsVersion="4.0" xmlns="http://schemas.microsoft.com/developer/msbuild/2003">
  <ItemGroup>
    <Filter Include="Source Files">
      <UniqueIdentifier>{4FC737F1-C7A5-4376-A066-2A32D752A2FF}</UniqueIdentifier>
      <Extensions>cpp;c;cc;cxx;c++;cppm;ixx;def;odl;idl;hpj;bat;asm;asmx</Extensions>
    </Filter>
    <Filter Include="Header Files">
      <UniqueIdentifier>{93995380-89BD-4b04-88EB-625FBE52EBFB}</UniqueIdentifier>
      <Extensions>h;hh;hpp;hxx;h++;hm;inl;inc;ipp;xsd</Extensions>
    </Filter>
    <Filter Include="Resource Files">
      <UniqueIdentifier>{67DA6AB6-F800-4c08-8B7A-83BB121AAD01}</UniqueIdentifier>
      <Extensions>rc;ico;cur;bmp;dlg;rc2;rct;bin;rgs;gif;jpg;jpeg;jpe;resx;tiff;tif;png;wav;mfcribbon-ms</Extensions>
    </Filter>
    <Filter Include="Source Files\Scripts">
      <UniqueIdentifier>{2d57d75e-9ebb-4872-b8b3-58be6174fb14}</UniqueIdentifier>
    </Filter>
    <Filter Include="Source Files\Scripts\BitFsPyramidOscillation">
      <UniqueIdentifier>{2d92ff06-1518-4003-82ad-e5003b9669a0}</UniqueIdentifier>
    </Filter>
    <Filter Include="Header Files\Scripts">
      <UniqueIdentifier>{850642c9-945a-4738-94d7-17ab69412baf}</UniqueIdentifier>
    </Filter>
    <Filter Include="Header Files\Types">
      <UniqueIdentifier>{4f4db43d-80c9-4e63-8fe1-68a9f1f0a10f}</UniqueIdentifier>
    </Filter>
    <Filter Include="Source Files\Scripts\General">
      <UniqueIdentifier>{e78ff415-5841-4829-8b34-ba2e6401414a}</UniqueIdentifier>
    </Filter>
  </ItemGroup>
  <ItemGroup>
    <ClCompile Include="Game.cpp">
      <Filter>Source Files</Filter>
    </ClCompile>
    <ClCompile Include="main.cpp">
      <Filter>Source Files</Filter>
    </ClCompile>
    <ClCompile Include="Trig.cpp">
      <Filter>Source Files</Filter>
    </ClCompile>
    <ClCompile Include="Script.cpp">
      <Filter>Source Files\Scripts</Filter>
    </ClCompile>
    <ClCompile Include="Inputs.cpp">
      <Filter>Source Files</Filter>
    </ClCompile>
    <ClCompile Include="BitFsPyramidOscillation.cpp">
      <Filter>Source Files\Scripts\BitFsPyramidOscillation</Filter>
    </ClCompile>
    <ClCompile Include="BitFsPyramidOscillation_RunDownhill.cpp">
      <Filter>Source Files\Scripts\BitFsPyramidOscillation</Filter>
    </ClCompile>
    <ClCompile Include="BitFsPyramidOscillation_TurnThenRunDownhill.cpp">
      <Filter>Source Files\Scripts\BitFsPyramidOscillation</Filter>
    </ClCompile>
    <ClCompile Include="BitFsPyramidOscillation_TurnThenRunDownhill_AtAngle.cpp">
      <Filter>Source Files\Scripts\BitFsPyramidOscillation</Filter>
    </ClCompile>
    <ClCompile Include="BitFsPyramidOscillation_TurnAroundAndRunDownhill.cpp">
      <Filter>Source Files\Scripts\BitFsPyramidOscillation</Filter>
    </ClCompile>
    <ClCompile Include="GetMinimumDownhillWalkingAngle.cpp">
      <Filter>Source Files\Scripts\General</Filter>
    </ClCompile>
    <ClCompile Include="TryHackedWalkOutOfBounds.cpp">
      <Filter>Source Files\Scripts\General</Filter>
    </ClCompile>
    <ClCompile Include="math.cpp">
      <Filter>Source Files</Filter>
    </ClCompile>
    <ClCompile Include="pyramid.cpp">
      <Filter>Source Files</Filter>
    </ClCompile>
    <ClCompile Include="surface.cpp">
      <Filter>Source Files</Filter>
    </ClCompile>
  </ItemGroup>
  <ItemGroup>
    <ClInclude Include="Inputs.hpp">
      <Filter>Header Files</Filter>
    </ClInclude>
    <ClInclude Include="Game.hpp">
      <Filter>Header Files</Filter>
    </ClInclude>
    <ClInclude Include="Trig.hpp">
      <Filter>Header Files</Filter>
    </ClInclude>
    <ClInclude Include="Script.hpp">
      <Filter>Header Files\Scripts</Filter>
    </ClInclude>
    <ClInclude Include="Script_BitFsPyramidOscillation.hpp">
      <Filter>Header Files\Scripts</Filter>
    </ClInclude>
    <ClInclude Include="Script_General.hpp">
      <Filter>Header Files\Scripts</Filter>
    </ClInclude>
    <ClInclude Include="Camera.hpp">
      <Filter>Header Files\Types</Filter>
    </ClInclude>
    <ClInclude Include="Sm64.hpp">
      <Filter>Header Files\Types</Filter>
    </ClInclude>
    <ClInclude Include="UltraTypes.hpp">
      <Filter>Header Files\Types</Filter>
    </ClInclude>
    <ClInclude Include="Types.hpp">
      <Filter>Header Files\Types</Filter>
    </ClInclude>
    <ClInclude Include="ObjectFields.hpp">
      <Filter>Header Files\Types</Filter>
    </ClInclude>
    <ClInclude Include="math.hpp">
      <Filter>Header Files</Filter>
    </ClInclude>
    <ClInclude Include="pyramid.hpp">
      <Filter>Header Files</Filter>
    </ClInclude>
    <ClInclude Include="surface.hpp">
      <Filter>Header Files</Filter>
    </ClInclude>
  </ItemGroup>
</Project>